
Microsoft Visual Studio Solution File, Format Version 12.00
# Visual Studio Version 17
VisualStudioVersion = 17.14.36203.30 d17.14
MinimumVisualStudioVersion = 10.0.40219.1
Project("{FAE04EC0-301F-11D3-BF4B-00C04F79EFBC}") = "presenter", "presenter\presenter.csproj", "{24A6CE80-16CB-46C2-B941-9DD71CA18C2B}"
EndProject
Global
	GlobalSection(SolutionConfigurationPlatforms) = preSolution
		Debug|Any CPU = Debug|Any CPU
		Release|Any CPU = Release|Any CPU
	EndGlobalSection
	GlobalSection(ProjectConfigurationPlatforms) = postSolution
		{24A6CE80-16CB-46C2-B941-9DD71CA18C2B}.Debug|Any CPU.ActiveCfg = Debug|Any CPU
		{24A6CE80-16CB-46C2-B941-9DD71CA18C2B}.Debug|Any CPU.Build.0 = Debug|Any CPU
		{24A6CE80-16CB-46C2-B941-9DD71CA18C2B}.Release|Any CPU.ActiveCfg = Release|Any CPU
		{24A6CE80-16CB-46C2-B941-9DD71CA18C2B}.Release|Any CPU.Build.0 = Release|Any CPU
	EndGlobalSection
	GlobalSection(SolutionProperties) = preSolution
		HideSolutionNode = FALSE
	EndGlobalSection
	GlobalSection(ExtensibilityGlobals) = postSolution
		SolutionGuid = {C9DB48A3-068A-4A9E-8491-03DE6045077B}
	EndGlobalSection
EndGlobal
